{
  "name": "musicplus-license-server",
  "version": "0.1.0",
  "lockfileVersion": 3,
  "requires": true,
  "packages": {
    "": {
      "name": "musicplus-license-server",
      "version": "0.1.0",
      "dependencies": {
        "@waffo/pancake-ts": "^0.25.0"
      },
      "engines": {
        "node": ">=18"
      }
    },
    "node_modules/@waffo/pancake-ts": {
      "version": "0.25.0",
      "resolved": "https://registry.npmjs.org/@waffo/pancake-ts/-/pancake-ts-0.25.0.tgz",
      "integrity": "sha512-6Zye8je5nhTh2tuu7XBZycqdgg3CwEiS0DLDGvbPZQiSwmraqPBRdy4qMDCJ5IbdZhjRRFlDcNSZSmEr3BE0dg==",
      "license": "MIT",
      "engines": {
        "node": ">=20.0.0"
      }
    }
  }
}
